Microsoft Visual Studio Solution File, Format Version 12.00
# Visual Studio Version 17
VisualStudioVersion = 17.5.2.0
MinimumVisualStudioVersion = 10.0.40219.1
Project("{FAE04EC0-301F-11D3-BF4B-00C04F79EFBC}") = "venue_service", "venue_service.csproj", "{A7201ADD-2B0A-DA4C-02C9-00158D090693}"
EndProject
Global
	GlobalSection(SolutionConfigurationPlatforms) = preSolution
		Debug|Any CPU = Debug|Any CPU
		Release|Any CPU = Release|Any CPU
	EndGlobalSection
	GlobalSection(ProjectConfigurationPlatforms) = postSolution
		{A7201ADD-2B0A-DA4C-02C9-00158D090693}.Debug|Any CPU.ActiveCfg = Debug|Any CPU
		{A7201ADD-2B0A-DA4C-02C9-00158D090693}.Debug|Any CPU.Build.0 = Debug|Any CPU
		{A7201ADD-2B0A-DA4C-02C9-00158D090693}.Release|Any CPU.ActiveCfg = Release|Any CPU
		{A7201ADD-2B0A-DA4C-02C9-00158D090693}.Release|Any CPU.Build.0 = Release|Any CPU
	EndGlobalSection
	GlobalSection(SolutionProperties) = preSolution
		HideSolutionNode = FALSE
	EndGlobalSection
	GlobalSection(ExtensibilityGlobals) = postSolution
		SolutionGuid = {DB5A36FB-99F8-433E-BB35-B274CE1162F1}
	EndGlobalSection
EndGlobal
